
Microsoft Visual Studio Solution File, Format Version 12.00
# Visual Studio Version 17
VisualStudioVersion = 17.5.002.0
MinimumVisualStudioVersion = 10.0.40219.1
Project("{9A19103F-16F7-4668-BE54-9A1E7A4F7556}") = "Palindrome", "Palindrome.csproj", "{021B2398-D647-4C19-AD18-A55E57A5A13D}"
EndProject
Global
	GlobalSection(SolutionConfigurationPlatforms) = preSolution
		Debug|Any CPU = Debug|Any CPU
		Release|Any CPU = Release|Any CPU
	EndGlobalSection
	GlobalSection(ProjectConfigurationPlatforms) = postSolution
		{021B2398-D647-4C19-AD18-A55E57A5A13D}.Debug|Any CPU.ActiveCfg = Debug|Any CPU
		{021B2398-D647-4C19-AD18-A55E57A5A13D}.Debug|Any CPU.Build.0 = Debug|Any CPU
		{021B2398-D647-4C19-AD18-A55E57A5A13D}.Release|Any CPU.ActiveCfg = Release|Any CPU
		{021B2398-D647-4C19-AD18-A55E57A5A13D}.Release|Any CPU.Build.0 = Release|Any CPU
	EndGlobalSection
	GlobalSection(SolutionProperties) = preSolution
		HideSolutionNode = FALSE
	EndGlobalSection
	GlobalSection(ExtensibilityGlobals) = postSolution
		SolutionGuid = {1E102701-EBC5-41D6-8428-09544F853E22}
	EndGlobalSection
EndGlobal
