
Microsoft Visual Studio Solution File, Format Version 12.00
# Visual Studio Version 17
VisualStudioVersion = 17.5.002.0
MinimumVisualStudioVersion = 10.0.40219.1
Project("{9A19103F-16F7-4668-BE54-9A1E7A4F7556}") = "MultipleStuff", "MultipleStuff.csproj", "{A0CBCCC5-B6C5-4851-887A-1166F41FD8C0}"
EndProject
Global
	GlobalSection(SolutionConfigurationPlatforms) = preSolution
		Debug|Any CPU = Debug|Any CPU
		Release|Any CPU = Release|Any CPU
	EndGlobalSection
	GlobalSection(ProjectConfigurationPlatforms) = postSolution
		{A0CBCCC5-B6C5-4851-887A-1166F41FD8C0}.Debug|Any CPU.ActiveCfg = Debug|Any CPU
		{A0CBCCC5-B6C5-4851-887A-1166F41FD8C0}.Debug|Any CPU.Build.0 = Debug|Any CPU
		{A0CBCCC5-B6C5-4851-887A-1166F41FD8C0}.Release|Any CPU.ActiveCfg = Release|Any CPU
		{A0CBCCC5-B6C5-4851-887A-1166F41FD8C0}.Release|Any CPU.Build.0 = Release|Any CPU
	EndGlobalSection
	GlobalSection(SolutionProperties) = preSolution
		HideSolutionNode = FALSE
	EndGlobalSection
	GlobalSection(ExtensibilityGlobals) = postSolution
		SolutionGuid = {F0D5B4AF-890E-4183-9448-F9D6618EBD6F}
	EndGlobalSection
EndGlobal
